// !$*UTF8*$!
{
	archiveVersion = 1;
	classes = {
	};
	objectVersion = 50;
	objects = {

/* Begin PBXBuildFile section */
		895EB52A217A2311001A2212 /* AppDelegate.swift in Sources */ = {isa = PBXBuildFile; fileRef = 895EB529217A2311001A2212 /* AppDelegate.swift */; };
		895EB52C217A2311001A2212 /* ViewController.swift in Sources */ = {isa = PBXBuildFile; fileRef = 895EB52B217A2311001A2212 /* ViewController.swift */; };
		895EB52F217A2311001A2212 /* Main.storyboard in Resources */ = {isa = PBXBuildFile; fileRef = 895EB52D217A2311001A2212 /* Main.storyboard */; };
		895EB531217A2316001A2212 /* Assets.xcassets in Resources */ = {isa = PBXBuildFile; fileRef = 895EB530217A2316001A2212 /* Assets.xcassets */; };
		895EB534217A2316001A2212 /* LaunchScreen.storyboard in Resources */ = {isa = PBXBuildFile; fileRef = 895EB532217A2316001A2212 /* LaunchScreen.storyboard */; };
		895EB53F217A2317001A2212 /* InvaildAutolayoutTests.swift in Sources */ = {isa = PBXBuildFile; fileRef = 895EB53E217A2317001A2212 /* InvaildAutolayoutTests.swift */; };
/* End PBXBuildFile section */

/* Begin PBXContainerItemProxy section */
		895EB53B217A2317001A2212 /* PBXContainerItemProxy */ = {
			isa = PBXContainerItemProxy;
			containerPortal = 895EB51E217A2311001A2212 /* Project object */;
			proxyType = 1;
			remoteGlobalIDString = 895EB525217A2311001A2212;
			remoteInfo = InvaildAutolayout;
		};
/* End PBXContainerItemProxy section */

/* Begin PBXFileReference section */
		895EB526217A2311001A2212 /* InvaildAutolayout.app */ = {isa = PBXFileReference; explicitFileType = wrapper.application; includeInIndex = 0; path = InvaildAutolayout.app; sourceTree = BUILT_PRODUCTS_DIR; };
		895EB529217A2311001A2212 /* AppDelegate.swift */ = {isa = PBXFileReference; lastKnownFileType = sourcecode.swift; path = AppDelegate.swift; sourceTree = "<group>"; };
		895EB52B217A2311001A2212 /* ViewController.swift */ = {isa = PBXFileReference; lastKnownFileType = sourcecode.swift; path = ViewController.swift; sourceTree = "<group>"; };
		895EB52E217A2311001A2212 /* Base */ = {isa = PBXFileReference; lastKnownFileType = file.storyboard; name = Base; path = Base.lproj/Main.storyboard; sourceTree = "<group>"; };
		895EB530217A2316001A2212 /* Assets.xcassets */ = {isa = PBXFileReference; lastKnownFileType = folder.assetcatalog; path = Assets.xcassets; sourceTree = "<group>"; };
		895EB533217A2316001A2212 /* Base */ = {isa = PBXFileReference; lastKnownFileType = file.storyboard; name = Base; path = Base.lproj/LaunchScreen.storyboard; sourceTree = "<group>"; };
		895EB535217A2316001A2212 /* Info.plist */ = {isa = PBXFileReference; lastKnownFileType = text.plist.xml; path = Info.plist; sourceTree = "<group>"; };
		895EB53A217A2317001A2212 /* InvaildAutolayoutTests.xctest */ = {isa = PBXFileReference; explicitFileType = wrapper.cfbundle; includeInIndex = 0; path = InvaildAutolayoutTests.xctest; sourceTree = BUILT_PRODUCTS_DIR; };
		895EB53E217A2317001A2212 /* InvaildAutolayoutTests.swift */ = {isa = PBXFileReference; lastKnownFileType = sourcecode.swift; path = InvaildAutolayoutTests.swift; sourceTree = "<group>"; };
		895EB540217A2317001A2212 /* Info.plist */ = {isa = PBXFileReference; lastKnownFileType = text.plist.xml; path = Info.plist; sourceTree = "<group>"; };
/* End PBXFileReference section */

/* Begin PBXFrameworksBuildPhase section */
		895EB523217A2311001A2212 /* Frameworks */ = {
			isa = PBXFrameworksBuildPhase;
			buildActionMask = 2147483647;
			files = (
			);
			runOnlyForDeploymentPostprocessing = 0;
		};
		895EB537217A2317001A2212 /* Frameworks */ = {
			isa = PBXFrameworksBuildPhase;
			buildActionMask = 2147483647;
			files = (
			);
			runOnlyForDeploymentPostprocessing = 0;
		};
/* End PBXFrameworksBuildPhase section */

/* Begin PBXGroup section */
		895EB51D217A2311001A2212 = {
			isa = PBXGroup;
			children = (
				895EB528217A2311001A2212 /* InvaildAutolayout */,
				895EB53D217A2317001A2212 /* InvaildAutolayoutTests */,
				895EB527217A2311001A2212 /* Products */,
			);
			sourceTree = "<group>";
		};
		895EB527217A2311001A2212 /* Products */ = {
			isa = PBXGroup;
			children = (
				895EB526217A2311001A2212 /* InvaildAutolayout.app */,
				895EB53A217A2317001A2212 /* InvaildAutolayoutTests.xctest */,
			);
			name = Products;
			sourceTree = "<group>";
		};
		895EB528217A2311001A2212 /* InvaildAutolayout */ = {
			isa = PBXGroup;
			children = (
				895EB529217A2311001A2212 /* AppDelegate.swift */,
				895EB52B217A2311001A2212 /* ViewController.swift */,
				895EB52D217A2311001A2212 /* Main.storyboard */,
				895EB530217A2316001A2212 /* Assets.xcassets */,
				895EB532217A2316001A2212 /* LaunchScreen.storyboard */,
				895EB535217A2316001A2212 /* Info.plist */,
			);
			path = InvaildAutolayout;
			sourceTree = "<group>";
		};
		895EB53D217A2317001A2212 /* InvaildAutolayoutTests */ = {
			isa = PBXGroup;
			children = (
				895EB53E217A2317001A2212 /* InvaildAutolayoutTests.swift */,
				895EB540217A2317001A2212 /* Info.plist */,
			);
			path = InvaildAutolayoutTests;
			sourceTree = "<group>";
		};
/* End PBXGroup section */

/* Begin PBXNativeTarget section */
		895EB525217A2311001A2212 /* InvaildAutolayout */ = {
			isa = PBXNativeTarget;
			buildConfigurationList = 895EB543217A2317001A2212 /* Build configuration list for PBXNativeTarget "InvaildAutolayout" */;
			buildPhases = (
				895EB522217A2311001A2212 /* Sources */,
				895EB523217A2311001A2212 /* Frameworks */,
				895EB524217A2311001A2212 /* Resources */,
			);
			buildRules = (
			);
			dependencies = (
			);
			name = InvaildAutolayout;
			productName = InvaildAutolayout;
			productReference = 895EB526217A2311001A2212 /* InvaildAutolayout.app */;
			productType = "com.apple.product-type.application";
		};
		895EB539217A2317001A2212 /* InvaildAutolayoutTests */ = {
			isa = PBXNativeTarget;
			buildConfigurationList = 895EB546217A2317001A2212 /* Build configuration list for PBXNativeTarget "InvaildAutolayoutTests" */;
			buildPhases = (
				895EB536217A2317001A2212 /* Sources */,
				895EB537217A2317001A2212 /* Frameworks */,
				895EB538217A2317001A2212 /* Resources */,
			);
			buildRules = (
			);
			dependencies = (
				895EB53C217A2317001A2212 /* PBXTargetDependency */,
			);
			name = InvaildAutolayoutTests;
			productName = InvaildAutolayoutTests;
			productReference = 895EB53A217A2317001A2212 /* InvaildAutolayoutTests.xctest */;
			productType = "com.apple.product-type.bundle.unit-test";
		};
/* End PBXNativeTarget section */

/* Begin PBXProject section */
		895EB51E217A2311001A2212 /* Project object */ = {
			isa = PBXProject;
			attributes = {
				LastSwiftUpdateCheck = 1000;
				LastUpgradeCheck = 1000;
				ORGANIZATIONNAME = "jungmin ahn";
				TargetAttributes = {
					895EB525217A2311001A2212 = {
						CreatedOnToolsVersion = 10.0;
					};
					895EB539217A2317001A2212 = {
						CreatedOnToolsVersion = 10.0;
						TestTargetID = 895EB525217A2311001A2212;
					};
				};
			};
			buildConfigurationList = 895EB521217A2311001A2212 /* Build configuration list for PBXProject "InvaildAutolayout" */;
			compatibilityVersion = "Xcode 9.3";
			developmentRegion = en;
			hasScannedForEncodings = 0;
			knownRegions = (
				en,
				Base,
			);
			mainGroup = 895EB51D217A2311001A2212;
			productRefGroup = 895EB527217A2311001A2212 /* Products */;
			projectDirPath = "";
			projectRoot = "";
			targets = (
				895EB525217A2311001A2212 /* InvaildAutolayout */,
				895EB539217A2317001A2212 /* InvaildAutolayoutTests */,
			);
		};
/* End PBXProject section */

/* Begin PBXResourcesBuildPhase section */
		895EB524217A2311001A2212 /* Resources */ = {
			isa = PBXResourcesBuildPhase;
			buildActionMask = 2147483647;
			files = (
				895EB534217A2316001A2212 /* LaunchScreen.storyboard in Resources */,
				895EB531217A2316001A2212 /* Assets.xcassets in Resources */,
				895EB52F217A2311001A2212 /* Main.storyboard in Resources */,
			);
			runOnlyForDeploymentPostprocessing = 0;
		};
		895EB538217A2317001A2212 /* Resources */ = {
			isa = PBXResourcesBuildPhase;
			buildActionMask = 2147483647;
			files = (
			);
			runOnlyForDeploymentPostprocessing = 0;
		};
/* End PBXResourcesBuildPhase section */

/* Begin PBXSourcesBuildPhase section */
		895EB522217A2311001A2212 /* Sources */ = {
			isa = PBXSourcesBuildPhase;
			buildActionMask = 2147483647;
			files = (
				895EB52C217A2311001A2212 /* ViewController.swift in Sources */,
				895EB52A217A2311001A2212 /* AppDelegate.swift in Sources */,
			);
			runOnlyForDeploymentPostprocessing = 0;
		};
		895EB536217A2317001A2212 /* Sources */ = {
			isa = PBXSourcesBuildPhase;
			buildActionMask = 2147483647;
			files = (
				895EB53F217A2317001A2212 /* InvaildAutolayoutTests.swift in Sources */,
			);
			runOnlyForDeploymentPostprocessing = 0;
		};
/* End PBXSourcesBuildPhase section */

/* Begin PBXTargetDependency section */
		895EB53C217A2317001A2212 /* PBXTargetDependency */ = {
			isa = PBXTargetDependency;
			target = 895EB525217A2311001A2212 /* InvaildAutolayout */;
			targetProxy = 895EB53B217A2317001A2212 /* PBXContainerItemProxy */;
		};
/* End PBXTargetDependency section */

/* Begin PBXVariantGroup section */
		895EB52D217A2311001A2212 /* Main.storyboard */ = {
			isa = PBXVariantGroup;
			children = (
				895EB52E217A2311001A2212 /* Base */,
			);
			name = Main.storyboard;
			sourceTree = "<group>";
		};
		895EB532217A2316001A2212 /* LaunchScreen.storyboard */ = {
			isa = PBXVariantGroup;
			children = (
				895EB533217A2316001A2212 /* Base */,
			);
			name = LaunchScreen.storyboard;
			sourceTree = "<group>";
		};
/* End PBXVariantGroup section */

/* Begin XCBuildConfiguration section */
		895EB541217A2317001A2212 /* Debug */ = {
			isa = XCBuildConfiguration;
			buildSettings = {
				ALWAYS_SEARCH_USER_PATHS = NO;
				CLANG_ANALYZER_NONNULL = YES;
				CLANG_ANALYZER_NUMBER_OBJECT_CONVERSION = YES_AGGRESSIVE;
				CLANG_CXX_LANGUAGE_STANDARD = "gnu++14";
				CLANG_CXX_LIBRARY = "libc++";
				CLANG_ENABLE_MODULES = YES;
				CLANG_ENABLE_OBJC_ARC = YES;
				CLANG_ENABLE_OBJC_WEAK = YES;
				CLANG_WARN_BLOCK_CAPTURE_AUTORELEASING = YES;
				CLANG_WARN_BOOL_CONVERSION = YES;
				CLANG_WARN_COMMA = YES;
				CLANG_WARN_CONSTANT_CONVERSION = YES;
				CLANG_WARN_DEPRECATED_OBJC_IMPLEMENTATIONS = YES;
				CLANG_WARN_DIRECT_OBJC_ISA_USAGE = YES_ERROR;
				CLANG_WARN_DOCUMENTATION_COMMENTS = YES;
				CLANG_WARN_EMPTY_BODY = YES;
				CLANG_WARN_ENUM_CONVERSION = YES;
				CLANG_WARN_INFINITE_RECURSION = YES;
				CLANG_WARN_INT_CONVERSION = YES;
				CLANG_WARN_NON_LITERAL_NULL_CONVERSION = YES;
				CLANG_WARN_OBJC_IMPLICIT_RETAIN_SELF = YES;
				CLANG_WARN_OBJC_LITERAL_CONVERSION = YES;
				CLANG_WARN_OBJC_ROOT_CLASS = YES_ERROR;
				CLANG_WARN_RANGE_LOOP_ANALYSIS = YES;
				CLANG_WARN_STRICT_PROTOTYPES = YES;
				CLANG_WARN_SUSPICIOUS_MOVE = YES;
				CLANG_WARN_UNGUARDED_AVAILABILITY = YES_AGGRESSIVE;
				CLANG_WARN_UNREACHABLE_CODE = YES;
				CLANG_WARN__DUPLICATE_METHOD_MATCH = YES;
				CODE_SIGN_IDENTITY = "iPhone Developer";
				COPY_PHASE_STRIP = NO;
				DEBUG_INFORMATION_FORMAT = dwarf;
				ENABLE_STRICT_OBJC_MSGSEND = YES;
				ENABLE_TESTABILITY = YES;
				GCC_C_LANGUAGE_STANDARD = gnu11;
				GCC_DYNAMIC_NO_PIC = NO;
				GCC_NO_COMMON_BLOCKS = YES;
				GCC_OPTIMIZATION_LEVEL = 0;
				GCC_PREPROCESSOR_DEFINITIONS = (
					"DEBUG=1",
					"$(inherited)",
				);
				GCC_WARN_64_TO_32_BIT_CONVERSION = YES;
				GCC_WARN_ABOUT_RETURN_TYPE = YES_ERROR;
				GCC_WARN_UNDECLARED_SELECTOR = YES;
				GCC_WARN_UNINITIALIZED_AUTOS = YES_AGGRESSIVE;
				GCC_WARN_UNUSED_FUNCTION = YES;
				GCC_WARN_UNUSED_VARIABLE = YES;
				IPHONEOS_DEPLOYMENT_TARGET = 12.0;
				MTL_ENABLE_DEBUG_INFO = INCLUDE_SOURCE;
				ONLY_ACTIVE_ARCH = YES;
				SDKROOT = iphoneos;
				SWIFT_ACTIVE_COMPILATION_CONDITIONS = DEBUG;
				SWIFT_OPTIMIZATION_LEVEL = "-Onone";
			};
			name = Debug;
		};
		895EB542217A2317001A2212 /* Release */ = {
			isa = XCBuildConfiguration;
			buildSettings = {
				ALWAYS_SEARCH_USER_PATHS = NO;
				CLANG_ANALYZER_NONNULL = YES;
				CLANG_ANALYZER_NUMBER_OBJECT_CONVERSION = YES_AGGRESSIVE;
				CLANG_CXX_LANGUAGE_STANDARD = "gnu++14";
				CLANG_CXX_LIBRARY = "libc++";
				CLANG_ENABLE_MODULES = YES;
				CLANG_ENABLE_OBJC_ARC = YES;
				CLANG_ENABLE_OBJC_WEAK = YES;
				CLANG_WARN_BLOCK_CAPTURE_AUTORELEASING = YES;
				CLANG_WARN_BOOL_CONVERSION = YES;
				CLANG_WARN_COMMA = YES;
				CLANG_WARN_CONSTANT_CONVERSION = YES;
				CLANG_WARN_DEPRECATED_OBJC_IMPLEMENTATIONS = YES;
				CLANG_WARN_DIRECT_OBJC_ISA_USAGE = YES_ERROR;
				CLANG_WARN_DOCUMENTATION_COMMENTS = YES;
				CLANG_WARN_EMPTY_BODY = YES;
				CLANG_WARN_ENUM_CONVERSION = YES;
				CLANG_WARN_INFINITE_RECURSION = YES;
				CLANG_WARN_INT_CONVERSION = YES;
				CLANG_WARN_NON_LITERAL_NULL_CONVERSION = YES;
				CLANG_WARN_OBJC_IMPLICIT_RETAIN_SELF = YES;
				CLANG_WARN_OBJC_LITERAL_CONVERSION = YES;
				CLANG_WARN_OBJC_ROOT_CLASS = YES_ERROR;
				CLANG_WARN_RANGE_LOOP_ANALYSIS = YES;
				CLANG_WARN_STRICT_PROTOTYPES = YES;
				CLANG_WARN_SUSPICIOUS_MOVE = YES;
				CLANG_WARN_UNGUARDED_AVAILABILITY = YES_AGGRESSIVE;
				CLANG_WARN_UNREACHABLE_CODE = YES;
				CLANG_WARN__DUPLICATE_METHOD_MATCH = YES;
				CODE_SIGN_IDENTITY = "iPhone Developer";
				COPY_PHASE_STRIP = NO;
				DEBUG_INFORMATION_FORMAT = "dwarf-with-dsym";
				ENABLE_NS_ASSERTIONS = NO;
				ENABLE_STRICT_OBJC_MSGSEND = YES;
				GCC_C_LANGUAGE_STANDARD = gnu11;
				GCC_NO_COMMON_BLOCKS = YES;
				GCC_WARN_64_TO_32_BIT_CONVERSION = YES;
				GCC_WARN_ABOUT_RETURN_TYPE = YES_ERROR;
				GCC_WARN_UNDECLARED_SELECTOR = YES;
				GCC_WARN_UNINITIALIZED_AUTOS = YES_AGGRESSIVE;
				GCC_WARN_UNUSED_FUNCTION = YES;
				GCC_WARN_UNUSED_VARIABLE = YES;
				IPHONEOS_DEPLOYMENT_TARGET = 12.0;
				MTL_ENABLE_DEBUG_INFO = NO;
				SDKROOT = iphoneos;
				SWIFT_COMPILATION_MODE = wholemodule;
				SWIFT_OPTIMIZATION_LEVEL = "-O";
				VALIDATE_PRODUCT = YES;
			};
			name = Release;
		};
		895EB544217A2317001A2212 /* Debug */ = {
			isa = XCBuildConfiguration;
			buildSettings = {
				ASSETCATALOG_COMPILER_APPICON_NAME = AppIcon;
				CODE_SIGN_STYLE = Automatic;
				INFOPLIST_FILE = InvaildAutolayout/Info.plist;
				IPHONEOS_DEPLOYMENT_TARGET = 11.0;
				LD_RUNPATH_SEARCH_PATHS = (
					"$(inherited)",
					"@executable_path/Frameworks",
				);
				PRODUCT_BUNDLE_IDENTIFIER = kr.minsone.InvaildAutolayout;
				PRODUCT_NAME = "$(TARGET_NAME)";
				SWIFT_VERSION = 4.2;
				TARGETED_DEVICE_FAMILY = "1,2";
			};
			name = Debug;
		};
		895EB545217A2317001A2212 /* Release */ = {
			isa = XCBuildConfiguration;
			buildSettings = {
				ASSETCATALOG_COMPILER_APPICON_NAME = AppIcon;
				CODE_SIGN_STYLE = Automatic;
				INFOPLIST_FILE = InvaildAutolayout/Info.plist;
				IPHONEOS_DEPLOYMENT_TARGET = 11.0;
				LD_RUNPATH_SEARCH_PATHS = (
					"$(inherited)",
					"@executable_path/Frameworks",
				);
				PRODUCT_BUNDLE_IDENTIFIER = kr.minsone.InvaildAutolayout;
				PRODUCT_NAME = "$(TARGET_NAME)";
				SWIFT_VERSION = 4.2;
				TARGETED_DEVICE_FAMILY = "1,2";
			};
			name = Release;
		};
		895EB547217A2317001A2212 /* Debug */ = {
			isa = XCBuildConfiguration;
			buildSettings = {
				ALWAYS_EMBED_SWIFT_STANDARD_LIBRARIES = YES;
				BUNDLE_LOADER = "$(TEST_HOST)";
				CODE_SIGN_STYLE = Automatic;
				INFOPLIST_FILE = InvaildAutolayoutTests/Info.plist;
				LD_RUNPATH_SEARCH_PATHS = (
					"$(inherited)",
					"@executable_path/Frameworks",
					"@loader_path/Frameworks",
				);
				PRODUCT_BUNDLE_IDENTIFIER = kr.minsone.InvaildAutolayoutTests;
				PRODUCT_NAME = "$(TARGET_NAME)";
				SWIFT_VERSION = 4.2;
				TARGETED_DEVICE_FAMILY = "1,2";
				TEST_HOST = "$(BUILT_PRODUCTS_DIR)/InvaildAutolayout.app/InvaildAutolayout";
			};
			name = Debug;
		};
		895EB548217A2317001A2212 /* Release */ = {
			isa = XCBuildConfiguration;
			buildSettings = {
				ALWAYS_EMBED_SWIFT_STANDARD_LIBRARIES = YES;
				BUNDLE_LOADER = "$(TEST_HOST)";
				CODE_SIGN_STYLE = Automatic;
				INFOPLIST_FILE = InvaildAutolayoutTests/Info.plist;
				LD_RUNPATH_SEARCH_PATHS = (
					"$(inherited)",
					"@executable_path/Frameworks",
					"@loader_path/Frameworks",
				);
				PRODUCT_BUNDLE_IDENTIFIER = kr.minsone.InvaildAutolayoutTests;
				PRODUCT_NAME = "$(TARGET_NAME)";
				SWIFT_VERSION = 4.2;
				TARGETED_DEVICE_FAMILY = "1,2";
				TEST_HOST = "$(BUILT_PRODUCTS_DIR)/InvaildAutolayout.app/InvaildAutolayout";
			};
			name = Release;
		};
/* End XCBuildConfiguration section */

/* Begin XCConfigurationList section */
		895EB521217A2311001A2212 /* Build configuration list for PBXProject "InvaildAutolayout" */ = {
			isa = XCConfigurationList;
			buildConfigurations = (
				895EB541217A2317001A2212 /* Debug */,
				895EB542217A2317001A2212 /* Release */,
			);
			defaultConfigurationIsVisible = 0;
			defaultConfigurationName = Release;
		};
		895EB543217A2317001A2212 /* Build configuration list for PBXNativeTarget "InvaildAutolayout" */ = {
			isa = XCConfigurationList;
			buildConfigurations = (
				895EB544217A2317001A2212 /* Debug */,
				895EB545217A2317001A2212 /* Release */,
			);
			defaultConfigurationIsVisible = 0;
			defaultConfigurationName = Release;
		};
		895EB546217A2317001A2212 /* Build configuration list for PBXNativeTarget "InvaildAutolayoutTests" */ = {
			isa = XCConfigurationList;
			buildConfigurations = (
				895EB547217A2317001A2212 /* Debug */,
				895EB548217A2317001A2212 /* Release */,
			);
			defaultConfigurationIsVisible = 0;
			defaultConfigurationName = Release;
		};
/* End XCConfigurationList section */
	};
	rootObject = 895EB51E217A2311001A2212 /* Project object */;
}
